
Microsoft Visual Studio Solution File, Format Version 12.00
# Visual Studio Version 17
VisualStudioVersion = 17.7.34024.191
MinimumVisualStudioVersion = 10.0.40219.1
Project("{FAE04EC0-301F-11D3-BF4B-00C04F79EFBC}") = "SignIn-174CS", "SignIn-174CS\SignIn-174CS.csproj", "{0DC4501E-1617-4035-AF09-931BCDDB835D}"
EndProject
Global
	GlobalSection(SolutionConfigurationPlatforms) = preSolution
		Debug|Any CPU = Debug|Any CPU
		Release|Any CPU = Release|Any CPU
	EndGlobalSection
	GlobalSection(ProjectConfigurationPlatforms) = postSolution
		{0DC4501E-1617-4035-AF09-931BCDDB835D}.Debug|Any CPU.ActiveCfg = Debug|Any CPU
		{0DC4501E-1617-4035-AF09-931BCDDB835D}.Debug|Any CPU.Build.0 = Debug|Any CPU
		{0DC4501E-1617-4035-AF09-931BCDDB835D}.Release|Any CPU.ActiveCfg = Release|Any CPU
		{0DC4501E-1617-4035-AF09-931BCDDB835D}.Release|Any CPU.Build.0 = Release|Any CPU
	EndGlobalSection
	GlobalSection(SolutionProperties) = preSolution
		HideSolutionNode = FALSE
	EndGlobalSection
	GlobalSection(ExtensibilityGlobals) = postSolution
		SolutionGuid = {CD4DA87A-62ED-4864-8D8F-3897FC01EB63}
	EndGlobalSection
EndGlobal
